github.com/go-chi/chi/v5 v5.2.0 h1:Aj1EtB0qR2Rdo2dG4O94RIU35w2lvQSj6BRA4+qwFL0=
github.com/go-chi/chi/v5 v5.2.0/go.mod h1:DslCQbL2OYiznFReuXYUmQ2hGd1aDpCnlMNITLSKoi8=
github.com/ziutek/glib v0.0.0-20141105171902-a43f7a959840 h1:KlAjvC+L41Ki6fICR9D/QjIHpliLGDzn6EbRzOLLlBU=
github.com/ziutek/glib v0.0.0-20141105171902-a43f7a959840/go.mod h1:szXPhCLKZNso3Tek6TW1XJIZUp9a8Huns4GtRNe/q8U=
github.com/ziutek/gst v0.0.0-20210107120415-007422cec673 h1:HsbXpbAnxgGgAw1kBNyqq8aPIgh+xvzuCfSPcg+5ulc=
github.com/ziutek/gst v0.0.0-20210107120415-007422cec673/go.mod h1:BGlPFIsTRIBisow/dvw+Et3oisYPJq42nk91kzS840I=
